
Microsoft Visual Studio Solution File, Format Version 12.00
# Visual Studio Version 16
VisualStudioVersion = 16.0.31205.134
MinimumVisualStudioVersion = 10.0.40219.1
Project("{FAE04EC0-301F-11D3-BF4B-00C04F79EFBC}") = "Weelo.WebApi", "src\Weelo.WebApi\Weelo.WebApi.csproj", "{B4597ABB-2564-4B39-B917-52E47C6A2DAD}"
EndProject
Project("{2150E333-8FDC-42A3-9474-1A3956D46DE8}") = "src", "src", "{E91B7A26-7B25-4FAA-8734-DAF3A9E7C288}"
EndProject
Project("{9A19103F-16F7-4668-BE54-9A1E7A4F7556}") = "Weelo.Domain", "src\Weelo.Domain\Weelo.Domain.csproj", "{F15DC711-ED9D-413E-BA3E-9F6EA4EF5CFC}"
EndProject
Project("{2150E333-8FDC-42A3-9474-1A3956D46DE8}") = "Core", "Core", "{31495317-4207-44E7-9D17-A994F108C3C6}"
EndProject
Project("{9A19103F-16F7-4668-BE54-9A1E7A4F7556}") = "Weelo.Application", "src\Weelo.Application\Weelo.Application.csproj", "{6F5780BF-499F-41FF-A704-69CAAB7F62ED}"
EndProject
Project("{2150E333-8FDC-42A3-9474-1A3956D46DE8}") = "Infrastructure", "Infrastructure", "{47172EE6-74FC-43E2-B316-88801E735D97}"
EndProject
Project("{9A19103F-16F7-4668-BE54-9A1E7A4F7556}") = "Weelo.Infrastructure.Identity", "src\Weelo.Infrastructure.Identity\Weelo.Infrastructure.Identity.csproj", "{5F1DD4E3-BE0C-45A4-AF7D-B11403B9EA3E}"
EndProject
Project("{9A19103F-16F7-4668-BE54-9A1E7A4F7556}") = "Weelo.Infrastructure.Persistence", "src\Weelo.Infrastructure.Persistence\Weelo.Infrastructure.Persistence.csproj", "{B720EDD4-EB59-438A-9D35-AB78090DF8B1}"
EndProject
Project("{9A19103F-16F7-4668-BE54-9A1E7A4F7556}") = "Weelo.Infrastructure.Shared", "src\Weelo.Infrastructure.Shared\Weelo.Infrastructure.Shared.csproj", "{FAA30DC3-CC53-4A82-83A9-CE289F648C22}"
EndProject
Global
	GlobalSection(SolutionConfigurationPlatforms) = preSolution
		Debug|Any CPU = Debug|Any CPU
		Release|Any CPU = Release|Any CPU
	EndGlobalSection
	GlobalSection(ProjectConfigurationPlatforms) = postSolution
		{B4597ABB-2564-4B39-B917-52E47C6A2DAD}.Debug|Any CPU.ActiveCfg = Debug|Any CPU
		{B4597ABB-2564-4B39-B917-52E47C6A2DAD}.Debug|Any CPU.Build.0 = Debug|Any CPU
		{B4597ABB-2564-4B39-B917-52E47C6A2DAD}.Release|Any CPU.ActiveCfg = Release|Any CPU
		{B4597ABB-2564-4B39-B917-52E47C6A2DAD}.Release|Any CPU.Build.0 = Release|Any CPU
		{F15DC711-ED9D-413E-BA3E-9F6EA4EF5CFC}.Debug|Any CPU.ActiveCfg = Debug|Any CPU
		{F15DC711-ED9D-413E-BA3E-9F6EA4EF5CFC}.Debug|Any CPU.Build.0 = Debug|Any CPU
		{F15DC711-ED9D-413E-BA3E-9F6EA4EF5CFC}.Release|Any CPU.ActiveCfg = Release|Any CPU
		{F15DC711-ED9D-413E-BA3E-9F6EA4EF5CFC}.Release|Any CPU.Build.0 = Release|Any CPU
		{6F5780BF-499F-41FF-A704-69CAAB7F62ED}.Debug|Any CPU.ActiveCfg = Debug|Any CPU
		{6F5780BF-499F-41FF-A704-69CAAB7F62ED}.Debug|Any CPU.Build.0 = Debug|Any CPU
		{6F5780BF-499F-41FF-A704-69CAAB7F62ED}.Release|Any CPU.ActiveCfg = Release|Any CPU
		{6F5780BF-499F-41FF-A704-69CAAB7F62ED}.Release|Any CPU.Build.0 = Release|Any CPU
		{5F1DD4E3-BE0C-45A4-AF7D-B11403B9EA3E}.Debug|Any CPU.ActiveCfg = Debug|Any CPU
		{5F1DD4E3-BE0C-45A4-AF7D-B11403B9EA3E}.Debug|Any CPU.Build.0 = Debug|Any CPU
		{5F1DD4E3-BE0C-45A4-AF7D-B11403B9EA3E}.Release|Any CPU.ActiveCfg = Release|Any CPU
		{5F1DD4E3-BE0C-45A4-AF7D-B11403B9EA3E}.Release|Any CPU.Build.0 = Release|Any CPU
		{B720EDD4-EB59-438A-9D35-AB78090DF8B1}.Debug|Any CPU.ActiveCfg = Debug|Any CPU
		{B720EDD4-EB59-438A-9D35-AB78090DF8B1}.Debug|Any CPU.Build.0 = Debug|Any CPU
		{B720EDD4-EB59-438A-9D35-AB78090DF8B1}.Release|Any CPU.ActiveCfg = Release|Any CPU
		{B720EDD4-EB59-438A-9D35-AB78090DF8B1}.Release|Any CPU.Build.0 = Release|Any CPU
		{FAA30DC3-CC53-4A82-83A9-CE289F648C22}.Debug|Any CPU.ActiveCfg = Debug|Any CPU
		{FAA30DC3-CC53-4A82-83A9-CE289F648C22}.Debug|Any CPU.Build.0 = Debug|Any CPU
		{FAA30DC3-CC53-4A82-83A9-CE289F648C22}.Release|Any CPU.ActiveCfg = Release|Any CPU
		{FAA30DC3-CC53-4A82-83A9-CE289F648C22}.Release|Any CPU.Build.0 = Release|Any CPU
	EndGlobalSection
	GlobalSection(SolutionProperties) = preSolution
		HideSolutionNode = FALSE
	EndGlobalSection
	GlobalSection(NestedProjects) = preSolution
		{B4597ABB-2564-4B39-B917-52E47C6A2DAD} = {E91B7A26-7B25-4FAA-8734-DAF3A9E7C288}
		{F15DC711-ED9D-413E-BA3E-9F6EA4EF5CFC} = {31495317-4207-44E7-9D17-A994F108C3C6}
		{31495317-4207-44E7-9D17-A994F108C3C6} = {E91B7A26-7B25-4FAA-8734-DAF3A9E7C288}
		{6F5780BF-499F-41FF-A704-69CAAB7F62ED} = {31495317-4207-44E7-9D17-A994F108C3C6}
		{47172EE6-74FC-43E2-B316-88801E735D97} = {E91B7A26-7B25-4FAA-8734-DAF3A9E7C288}
		{5F1DD4E3-BE0C-45A4-AF7D-B11403B9EA3E} = {47172EE6-74FC-43E2-B316-88801E735D97}
		{B720EDD4-EB59-438A-9D35-AB78090DF8B1} = {47172EE6-74FC-43E2-B316-88801E735D97}
		{FAA30DC3-CC53-4A82-83A9-CE289F648C22} = {47172EE6-74FC-43E2-B316-88801E735D97}
	EndGlobalSection
	GlobalSection(ExtensibilityGlobals) = postSolution
		SolutionGuid = {015D246E-6992-4AA0-BAC4-BEEE2AC9F0A7}
	EndGlobalSection
EndGlobal
